
Microsoft Visual Studio Solution File, Format Version 12.00
# Visual Studio 2012
Project("{FAE04EC0-301F-11D3-BF4B-00C04F79EFBC}") = "AStar", "AStar\AStar.csproj", "{A95ED90C-0BDC-4DBA-91F6-B26B208DAB85}"
EndProject
Project("{FAE04EC0-301F-11D3-BF4B-00C04F79EFBC}") = "AStarTester", "AStarTester\AStarTester.csproj", "{0D6CAC82-4472-4B45-B860-C9BF8014CBC3}"
EndProject
Global
	GlobalSection(SolutionConfigurationPlatforms) = preSolution
		Debug|Any CPU = Debug|Any CPU
		Release|Any CPU = Release|Any CPU
	EndGlobalSection
	GlobalSection(ProjectConfigurationPlatforms) = postSolution
		{A95ED90C-0BDC-4DBA-91F6-B26B208DAB85}.Debug|Any CPU.ActiveCfg = Debug|Any CPU
		{A95ED90C-0BDC-4DBA-91F6-B26B208DAB85}.Debug|Any CPU.Build.0 = Debug|Any CPU
		{A95ED90C-0BDC-4DBA-91F6-B26B208DAB85}.Release|Any CPU.ActiveCfg = Release|Any CPU
		{A95ED90C-0BDC-4DBA-91F6-B26B208DAB85}.Release|Any CPU.Build.0 = Release|Any CPU
		{0D6CAC82-4472-4B45-B860-C9BF8014CBC3}.Debug|Any CPU.ActiveCfg = Debug|Any CPU
		{0D6CAC82-4472-4B45-B860-C9BF8014CBC3}.Debug|Any CPU.Build.0 = Debug|Any CPU
		{0D6CAC82-4472-4B45-B860-C9BF8014CBC3}.Release|Any CPU.ActiveCfg = Release|Any CPU
		{0D6CAC82-4472-4B45-B860-C9BF8014CBC3}.Release|Any CPU.Build.0 = Release|Any CPU
	EndGlobalSection
	GlobalSection(SolutionProperties) = preSolution
		HideSolutionNode = FALSE
	EndGlobalSection
EndGlobal
